
Microsoft Visual Studio Solution File, Format Version 12.00
# Visual Studio Version 17
VisualStudioVersion = 17.12.35506.116
MinimumVisualStudioVersion = 10.0.40219.1
Project("{FAE04EC0-301F-11D3-BF4B-00C04F79EFBC}") = "Presentation", "FluentValidation\Presentation.csproj", "{0D790DBB-F5F7-4F95-8220-B26336A4FB65}"
EndProject
Project("{FAE04EC0-301F-11D3-BF4B-00C04F79EFBC}") = "Business", "Business\Business.csproj", "{9B4B0C6A-501D-4F4B-B9E6-6A4BDCC2A4EB}"
EndProject
Project("{FAE04EC0-301F-11D3-BF4B-00C04F79EFBC}") = "DataAccess", "DataAccess\DataAccess.csproj", "{AF8823F4-4A7C-4D87-95E4-38F5B60ADC32}"
EndProject
Global
	GlobalSection(SolutionConfigurationPlatforms) = preSolution
		Debug|Any CPU = Debug|Any CPU
		Release|Any CPU = Release|Any CPU
	EndGlobalSection
	GlobalSection(ProjectConfigurationPlatforms) = postSolution
		{0D790DBB-F5F7-4F95-8220-B26336A4FB65}.Debug|Any CPU.ActiveCfg = Debug|Any CPU
		{0D790DBB-F5F7-4F95-8220-B26336A4FB65}.Debug|Any CPU.Build.0 = Debug|Any CPU
		{0D790DBB-F5F7-4F95-8220-B26336A4FB65}.Release|Any CPU.ActiveCfg = Release|Any CPU
		{0D790DBB-F5F7-4F95-8220-B26336A4FB65}.Release|Any CPU.Build.0 = Release|Any CPU
		{9B4B0C6A-501D-4F4B-B9E6-6A4BDCC2A4EB}.Debug|Any CPU.ActiveCfg = Debug|Any CPU
		{9B4B0C6A-501D-4F4B-B9E6-6A4BDCC2A4EB}.Debug|Any CPU.Build.0 = Debug|Any CPU
		{9B4B0C6A-501D-4F4B-B9E6-6A4BDCC2A4EB}.Release|Any CPU.ActiveCfg = Release|Any CPU
		{9B4B0C6A-501D-4F4B-B9E6-6A4BDCC2A4EB}.Release|Any CPU.Build.0 = Release|Any CPU
		{AF8823F4-4A7C-4D87-95E4-38F5B60ADC32}.Debug|Any CPU.ActiveCfg = Debug|Any CPU
		{AF8823F4-4A7C-4D87-95E4-38F5B60ADC32}.Debug|Any CPU.Build.0 = Debug|Any CPU
		{AF8823F4-4A7C-4D87-95E4-38F5B60ADC32}.Release|Any CPU.ActiveCfg = Release|Any CPU
		{AF8823F4-4A7C-4D87-95E4-38F5B60ADC32}.Release|Any CPU.Build.0 = Release|Any CPU
	EndGlobalSection
	GlobalSection(SolutionProperties) = preSolution
		HideSolutionNode = FALSE
	EndGlobalSection
EndGlobal
